
Microsoft Visual Studio Solution File, Format Version 12.00
# Visual Studio Version 16
VisualStudioVersion = 16.0.30011.22
MinimumVisualStudioVersion = 10.0.40219.1
Project("{8BC9CEB8-8B4A-11D0-8D11-00A0C91BC942}") = "Server", "Server\Server.vcxproj", "{62D10607-9874-46CC-AEAD-350B08DD108D}"
EndProject
Project("{8BC9CEB8-8B4A-11D0-8D11-00A0C91BC942}") = "Client", "Client\Client.vcxproj", "{E4BFCEBB-1540-4F5B-979E-C3B13D9B0009}"
EndProject
Global
	GlobalSection(SolutionConfigurationPlatforms) = preSolution
		Debug|x64 = Debug|x64
		Debug|x86 = Debug|x86
		Release|x64 = Release|x64
		Release|x86 = Release|x86
	EndGlobalSection
	GlobalSection(ProjectConfigurationPlatforms) = postSolution
		{62D10607-9874-46CC-AEAD-350B08DD108D}.Debug|x64.ActiveCfg = Debug|x64
		{62D10607-9874-46CC-AEAD-350B08DD108D}.Debug|x64.Build.0 = Debug|x64
		{62D10607-9874-46CC-AEAD-350B08DD108D}.Debug|x86.ActiveCfg = Debug|Win32
		{62D10607-9874-46CC-AEAD-350B08DD108D}.Debug|x86.Build.0 = Debug|Win32
		{62D10607-9874-46CC-AEAD-350B08DD108D}.Release|x64.ActiveCfg = Release|x64
		{62D10607-9874-46CC-AEAD-350B08DD108D}.Release|x64.Build.0 = Release|x64
		{62D10607-9874-46CC-AEAD-350B08DD108D}.Release|x86.ActiveCfg = Release|Win32
		{62D10607-9874-46CC-AEAD-350B08DD108D}.Release|x86.Build.0 = Release|Win32
		{E4BFCEBB-1540-4F5B-979E-C3B13D9B0009}.Debug|x64.ActiveCfg = Debug|x64
		{E4BFCEBB-1540-4F5B-979E-C3B13D9B0009}.Debug|x64.Build.0 = Debug|x64
		{E4BFCEBB-1540-4F5B-979E-C3B13D9B0009}.Debug|x86.ActiveCfg = Debug|Win32
		{E4BFCEBB-1540-4F5B-979E-C3B13D9B0009}.Debug|x86.Build.0 = Debug|Win32
		{E4BFCEBB-1540-4F5B-979E-C3B13D9B0009}.Release|x64.ActiveCfg = Release|x64
		{E4BFCEBB-1540-4F5B-979E-C3B13D9B0009}.Release|x64.Build.0 = Release|x64
		{E4BFCEBB-1540-4F5B-979E-C3B13D9B0009}.Release|x86.ActiveCfg = Release|Win32
		{E4BFCEBB-1540-4F5B-979E-C3B13D9B0009}.Release|x86.Build.0 = Release|Win32
	EndGlobalSection
	GlobalSection(SolutionProperties) = preSolution
		HideSolutionNode = FALSE
	EndGlobalSection
	GlobalSection(ExtensibilityGlobals) = postSolution
		SolutionGuid = {A527F2AA-459D-424C-B198-F737E6634310}
	EndGlobalSection
EndGlobal
